
Microsoft Visual Studio Solution File, Format Version 12.00
# Visual Studio Version 16
VisualStudioVersion = 16.0.28803.352
MinimumVisualStudioVersion = 10.0.40219.1
Project("{FAE04EC0-301F-11D3-BF4B-00C04F79EFBC}") = "DapperDemo", "src\DapperDemo.csproj", "{E051D29D-F3B3-40B1-B6BD-6E28CC5C5CC6}"
EndProject
Global
	GlobalSection(SolutionConfigurationPlatforms) = preSolution
		Debug|Any CPU = Debug|Any CPU
		Release|Any CPU = Release|Any CPU
	EndGlobalSection
	GlobalSection(ProjectConfigurationPlatforms) = postSolution
		{E051D29D-F3B3-40B1-B6BD-6E28CC5C5CC6}.Debug|Any CPU.ActiveCfg = Debug|Any CPU
		{E051D29D-F3B3-40B1-B6BD-6E28CC5C5CC6}.Debug|Any CPU.Build.0 = Debug|Any CPU
		{E051D29D-F3B3-40B1-B6BD-6E28CC5C5CC6}.Release|Any CPU.ActiveCfg = Release|Any CPU
		{E051D29D-F3B3-40B1-B6BD-6E28CC5C5CC6}.Release|Any CPU.Build.0 = Release|Any CPU
	EndGlobalSection
	GlobalSection(SolutionProperties) = preSolution
		HideSolutionNode = FALSE
	EndGlobalSection
	GlobalSection(ExtensibilityGlobals) = postSolution
		SolutionGuid = {DDC8FEA6-BD9C-48EE-8378-932EEDB64558}
	EndGlobalSection
EndGlobal
